
Microsoft Visual Studio Solution File, Format Version 12.00
# Visual Studio 2012
Project("{FAE04EC0-301F-11D3-BF4B-00C04F79EFBC}") = "MvvmCrossFormsMultiplePages.Core", "MvvmCrossFormsMultiplePages\MvvmCrossFormsMultiplePages.Core\MvvmCrossFormsMultiplePages.Core.csproj", "{73CE8362-C0D9-4B67-949C-DCED3170F9F0}"
EndProject
Project("{FAE04EC0-301F-11D3-BF4B-00C04F79EFBC}") = "MvvmCrossFormsMultiplePages.Droid", "MvvmCrossFormsMultiplePages\MvvmCrossFormsMultiplePages.Droid\MvvmCrossFormsMultiplePages.Droid.csproj", "{B6C5390E-5A31-44F1-90F2-A024A38A6865}"
EndProject
Project("{FAE04EC0-301F-11D3-BF4B-00C04F79EFBC}") = "MvvmCrossFormsMultiplePages.iOS", "MvvmCrossFormsMultiplePages\MvvmCrossFormsMultiplePages.iOS\MvvmCrossFormsMultiplePages.iOS.csproj", "{606527C2-A89E-4386-ABFC-74FEAF4C52FE}"
EndProject
Global
	GlobalSection(SolutionConfigurationPlatforms) = preSolution
		Debug|Any CPU = Debug|Any CPU
		Release|Any CPU = Release|Any CPU
		Debug|iPhoneSimulator = Debug|iPhoneSimulator
		Release|iPhone = Release|iPhone
		Release|iPhoneSimulator = Release|iPhoneSimulator
		Debug|iPhone = Debug|iPhone
	EndGlobalSection
	GlobalSection(ProjectConfigurationPlatforms) = postSolution
		{73CE8362-C0D9-4B67-949C-DCED3170F9F0}.Debug|Any CPU.ActiveCfg = Debug|Any CPU
		{73CE8362-C0D9-4B67-949C-DCED3170F9F0}.Debug|Any CPU.Build.0 = Debug|Any CPU
		{73CE8362-C0D9-4B67-949C-DCED3170F9F0}.Release|Any CPU.ActiveCfg = Release|Any CPU
		{73CE8362-C0D9-4B67-949C-DCED3170F9F0}.Release|Any CPU.Build.0 = Release|Any CPU
		{73CE8362-C0D9-4B67-949C-DCED3170F9F0}.Debug|iPhoneSimulator.ActiveCfg = Debug|Any CPU
		{73CE8362-C0D9-4B67-949C-DCED3170F9F0}.Debug|iPhoneSimulator.Build.0 = Debug|Any CPU
		{73CE8362-C0D9-4B67-949C-DCED3170F9F0}.Release|iPhone.ActiveCfg = Release|Any CPU
		{73CE8362-C0D9-4B67-949C-DCED3170F9F0}.Release|iPhone.Build.0 = Release|Any CPU
		{73CE8362-C0D9-4B67-949C-DCED3170F9F0}.Release|iPhoneSimulator.ActiveCfg = Release|Any CPU
		{73CE8362-C0D9-4B67-949C-DCED3170F9F0}.Release|iPhoneSimulator.Build.0 = Release|Any CPU
		{73CE8362-C0D9-4B67-949C-DCED3170F9F0}.Debug|iPhone.ActiveCfg = Debug|Any CPU
		{73CE8362-C0D9-4B67-949C-DCED3170F9F0}.Debug|iPhone.Build.0 = Debug|Any CPU
		{B6C5390E-5A31-44F1-90F2-A024A38A6865}.Debug|Any CPU.ActiveCfg = Debug|Any CPU
		{B6C5390E-5A31-44F1-90F2-A024A38A6865}.Debug|Any CPU.Build.0 = Debug|Any CPU
		{B6C5390E-5A31-44F1-90F2-A024A38A6865}.Release|Any CPU.ActiveCfg = Release|Any CPU
		{B6C5390E-5A31-44F1-90F2-A024A38A6865}.Release|Any CPU.Build.0 = Release|Any CPU
		{B6C5390E-5A31-44F1-90F2-A024A38A6865}.Debug|iPhoneSimulator.ActiveCfg = Debug|Any CPU
		{B6C5390E-5A31-44F1-90F2-A024A38A6865}.Debug|iPhoneSimulator.Build.0 = Debug|Any CPU
		{B6C5390E-5A31-44F1-90F2-A024A38A6865}.Release|iPhone.ActiveCfg = Release|Any CPU
		{B6C5390E-5A31-44F1-90F2-A024A38A6865}.Release|iPhone.Build.0 = Release|Any CPU
		{B6C5390E-5A31-44F1-90F2-A024A38A6865}.Release|iPhoneSimulator.ActiveCfg = Release|Any CPU
		{B6C5390E-5A31-44F1-90F2-A024A38A6865}.Release|iPhoneSimulator.Build.0 = Release|Any CPU
		{B6C5390E-5A31-44F1-90F2-A024A38A6865}.Debug|iPhone.ActiveCfg = Debug|Any CPU
		{B6C5390E-5A31-44F1-90F2-A024A38A6865}.Debug|iPhone.Build.0 = Debug|Any CPU
		{606527C2-A89E-4386-ABFC-74FEAF4C52FE}.Debug|Any CPU.ActiveCfg = Debug|iPhoneSimulator
		{606527C2-A89E-4386-ABFC-74FEAF4C52FE}.Debug|Any CPU.Build.0 = Debug|iPhoneSimulator
		{606527C2-A89E-4386-ABFC-74FEAF4C52FE}.Release|Any CPU.ActiveCfg = Release|iPhone
		{606527C2-A89E-4386-ABFC-74FEAF4C52FE}.Release|Any CPU.Build.0 = Release|iPhone
		{606527C2-A89E-4386-ABFC-74FEAF4C52FE}.Debug|iPhoneSimulator.ActiveCfg = Debug|iPhoneSimulator
		{606527C2-A89E-4386-ABFC-74FEAF4C52FE}.Debug|iPhoneSimulator.Build.0 = Debug|iPhoneSimulator
		{606527C2-A89E-4386-ABFC-74FEAF4C52FE}.Release|iPhone.ActiveCfg = Release|iPhone
		{606527C2-A89E-4386-ABFC-74FEAF4C52FE}.Release|iPhone.Build.0 = Release|iPhone
		{606527C2-A89E-4386-ABFC-74FEAF4C52FE}.Release|iPhoneSimulator.ActiveCfg = Release|iPhoneSimulator
		{606527C2-A89E-4386-ABFC-74FEAF4C52FE}.Release|iPhoneSimulator.Build.0 = Release|iPhoneSimulator
		{606527C2-A89E-4386-ABFC-74FEAF4C52FE}.Debug|iPhone.ActiveCfg = Debug|iPhone
		{606527C2-A89E-4386-ABFC-74FEAF4C52FE}.Debug|iPhone.Build.0 = Debug|iPhone
	EndGlobalSection
EndGlobal
