
Microsoft Visual Studio Solution File, Format Version 12.00
# Visual Studio 15
VisualStudioVersion = 15.0.26730.8
MinimumVisualStudioVersion = 10.0.40219.1
Project("{FAE04EC0-301F-11D3-BF4B-00C04F79EFBC}") = "MvvmCrossNativeSinglePage.Droid", "MvvmCrossNativeSinglePage\MvvmCrossNativeSinglePage.Droid\MvvmCrossNativeSinglePage.Droid.csproj", "{C56E7D1B-F39A-4EBB-A3AA-7F0155D5A14F}"
EndProject
Project("{FAE04EC0-301F-11D3-BF4B-00C04F79EFBC}") = "MvvmCrossNativeSinglePage.Core", "MvvmCrossNativeSinglePage\MvvmCrossNativeSinglePage.Core\MvvmCrossNativeSinglePage.Core.csproj", "{7390BE26-4895-4BCB-8597-717E7099C32A}"
EndProject
Project("{FAE04EC0-301F-11D3-BF4B-00C04F79EFBC}") = "MvvmCrossNativeSinglePage.iOS", "MvvmCrossNativeSinglePage\MvvmCrossNativeSinglePage.iOS\MvvmCrossNativeSinglePage.iOS.csproj", "{A9C6C3E3-BE00-491C-B3AE-FE6E06F7E3D7}"
EndProject
Project("{FAE04EC0-301F-11D3-BF4B-00C04F79EFBC}") = "MvvmCrossNativeSinglePage.UWP", "MvvmCrossNativeSinglePage\MvvmCrossNativeSinglePage.UWP\MvvmCrossNativeSinglePage.UWP.csproj", "{C48EBFDA-18A9-4CF7-89E8-73F5DC2AAF7A}"
EndProject
Project("{FAE04EC0-301F-11D3-BF4B-00C04F79EFBC}") = "MvvmCrossNativeSinglePage.WPF", "MvvmCrossNativeSinglePage\MvvmCrossNativeSinglePage.WPF\MvvmCrossNativeSinglePage.WPF.csproj", "{D218CF19-5B70-48FC-845F-1A62D307BDD6}"
EndProject
Project("{FAE04EC0-301F-11D3-BF4B-00C04F79EFBC}") = "MVVMCross-VSAddIn", "MVVMCross-VSAddIn\MVVMCross-VSAddIn.csproj", "{6F5F4E73-4DB4-4031-8C9B-5A6DA2BFF5FA}"
EndProject
Global
	GlobalSection(SolutionConfigurationPlatforms) = preSolution
		Ad-Hoc|Any CPU = Ad-Hoc|Any CPU
		Ad-Hoc|ARM = Ad-Hoc|ARM
		Ad-Hoc|iPhone = Ad-Hoc|iPhone
		Ad-Hoc|iPhoneSimulator = Ad-Hoc|iPhoneSimulator
		Ad-Hoc|x64 = Ad-Hoc|x64
		Ad-Hoc|x86 = Ad-Hoc|x86
		AppStore|Any CPU = AppStore|Any CPU
		AppStore|ARM = AppStore|ARM
		AppStore|iPhone = AppStore|iPhone
		AppStore|iPhoneSimulator = AppStore|iPhoneSimulator
		AppStore|x64 = AppStore|x64
		AppStore|x86 = AppStore|x86
		Debug|Any CPU = Debug|Any CPU
		Debug|ARM = Debug|ARM
		Debug|iPhone = Debug|iPhone
		Debug|iPhoneSimulator = Debug|iPhoneSimulator
		Debug|x64 = Debug|x64
		Debug|x86 = Debug|x86
		Release|Any CPU = Release|Any CPU
		Release|ARM = Release|ARM
		Release|iPhone = Release|iPhone
		Release|iPhoneSimulator = Release|iPhoneSimulator
		Release|x64 = Release|x64
		Release|x86 = Release|x86
	EndGlobalSection
	GlobalSection(ProjectConfigurationPlatforms) = postSolution
		{C56E7D1B-F39A-4EBB-A3AA-7F0155D5A14F}.Ad-Hoc|Any CPU.ActiveCfg = Release|Any CPU
		{C56E7D1B-F39A-4EBB-A3AA-7F0155D5A14F}.Ad-Hoc|Any CPU.Build.0 = Release|Any CPU
		{C56E7D1B-F39A-4EBB-A3AA-7F0155D5A14F}.Ad-Hoc|Any CPU.Deploy.0 = Release|Any CPU
		{C56E7D1B-F39A-4EBB-A3AA-7F0155D5A14F}.Ad-Hoc|ARM.ActiveCfg = Release|Any CPU
		{C56E7D1B-F39A-4EBB-A3AA-7F0155D5A14F}.Ad-Hoc|ARM.Build.0 = Release|Any CPU
		{C56E7D1B-F39A-4EBB-A3AA-7F0155D5A14F}.Ad-Hoc|ARM.Deploy.0 = Release|Any CPU
		{C56E7D1B-F39A-4EBB-A3AA-7F0155D5A14F}.Ad-Hoc|iPhone.ActiveCfg = Release|Any CPU
		{C56E7D1B-F39A-4EBB-A3AA-7F0155D5A14F}.Ad-Hoc|iPhone.Build.0 = Release|Any CPU
		{C56E7D1B-F39A-4EBB-A3AA-7F0155D5A14F}.Ad-Hoc|iPhone.Deploy.0 = Release|Any CPU
		{C56E7D1B-F39A-4EBB-A3AA-7F0155D5A14F}.Ad-Hoc|iPhoneSimulator.ActiveCfg = Release|Any CPU
		{C56E7D1B-F39A-4EBB-A3AA-7F0155D5A14F}.Ad-Hoc|iPhoneSimulator.Build.0 = Release|Any CPU
		{C56E7D1B-F39A-4EBB-A3AA-7F0155D5A14F}.Ad-Hoc|iPhoneSimulator.Deploy.0 = Release|Any CPU
		{C56E7D1B-F39A-4EBB-A3AA-7F0155D5A14F}.Ad-Hoc|x64.ActiveCfg = Release|Any CPU
		{C56E7D1B-F39A-4EBB-A3AA-7F0155D5A14F}.Ad-Hoc|x64.Build.0 = Release|Any CPU
		{C56E7D1B-F39A-4EBB-A3AA-7F0155D5A14F}.Ad-Hoc|x64.Deploy.0 = Release|Any CPU
		{C56E7D1B-F39A-4EBB-A3AA-7F0155D5A14F}.Ad-Hoc|x86.ActiveCfg = Release|Any CPU
		{C56E7D1B-F39A-4EBB-A3AA-7F0155D5A14F}.Ad-Hoc|x86.Build.0 = Release|Any CPU
		{C56E7D1B-F39A-4EBB-A3AA-7F0155D5A14F}.Ad-Hoc|x86.Deploy.0 = Release|Any CPU
		{C56E7D1B-F39A-4EBB-A3AA-7F0155D5A14F}.AppStore|Any CPU.ActiveCfg = Release|Any CPU
		{C56E7D1B-F39A-4EBB-A3AA-7F0155D5A14F}.AppStore|Any CPU.Build.0 = Release|Any CPU
		{C56E7D1B-F39A-4EBB-A3AA-7F0155D5A14F}.AppStore|Any CPU.Deploy.0 = Release|Any CPU
		{C56E7D1B-F39A-4EBB-A3AA-7F0155D5A14F}.AppStore|ARM.ActiveCfg = Release|Any CPU
		{C56E7D1B-F39A-4EBB-A3AA-7F0155D5A14F}.AppStore|ARM.Build.0 = Release|Any CPU
		{C56E7D1B-F39A-4EBB-A3AA-7F0155D5A14F}.AppStore|ARM.Deploy.0 = Release|Any CPU
		{C56E7D1B-F39A-4EBB-A3AA-7F0155D5A14F}.AppStore|iPhone.ActiveCfg = Release|Any CPU
		{C56E7D1B-F39A-4EBB-A3AA-7F0155D5A14F}.AppStore|iPhone.Build.0 = Release|Any CPU
		{C56E7D1B-F39A-4EBB-A3AA-7F0155D5A14F}.AppStore|iPhone.Deploy.0 = Release|Any CPU
		{C56E7D1B-F39A-4EBB-A3AA-7F0155D5A14F}.AppStore|iPhoneSimulator.ActiveCfg = Release|Any CPU
		{C56E7D1B-F39A-4EBB-A3AA-7F0155D5A14F}.AppStore|iPhoneSimulator.Build.0 = Release|Any CPU
		{C56E7D1B-F39A-4EBB-A3AA-7F0155D5A14F}.AppStore|iPhoneSimulator.Deploy.0 = Release|Any CPU
		{C56E7D1B-F39A-4EBB-A3AA-7F0155D5A14F}.AppStore|x64.ActiveCfg = Release|Any CPU
		{C56E7D1B-F39A-4EBB-A3AA-7F0155D5A14F}.AppStore|x64.Build.0 = Release|Any CPU
		{C56E7D1B-F39A-4EBB-A3AA-7F0155D5A14F}.AppStore|x64.Deploy.0 = Release|Any CPU
		{C56E7D1B-F39A-4EBB-A3AA-7F0155D5A14F}.AppStore|x86.ActiveCfg = Release|Any CPU
		{C56E7D1B-F39A-4EBB-A3AA-7F0155D5A14F}.AppStore|x86.Build.0 = Release|Any CPU
		{C56E7D1B-F39A-4EBB-A3AA-7F0155D5A14F}.AppStore|x86.Deploy.0 = Release|Any CPU
		{C56E7D1B-F39A-4EBB-A3AA-7F0155D5A14F}.Debug|Any CPU.ActiveCfg = Debug|Any CPU
		{C56E7D1B-F39A-4EBB-A3AA-7F0155D5A14F}.Debug|Any CPU.Build.0 = Debug|Any CPU
		{C56E7D1B-F39A-4EBB-A3AA-7F0155D5A14F}.Debug|Any CPU.Deploy.0 = Debug|Any CPU
		{C56E7D1B-F39A-4EBB-A3AA-7F0155D5A14F}.Debug|ARM.ActiveCfg = Debug|Any CPU
		{C56E7D1B-F39A-4EBB-A3AA-7F0155D5A14F}.Debug|ARM.Build.0 = Debug|Any CPU
		{C56E7D1B-F39A-4EBB-A3AA-7F0155D5A14F}.Debug|ARM.Deploy.0 = Debug|Any CPU
		{C56E7D1B-F39A-4EBB-A3AA-7F0155D5A14F}.Debug|iPhone.ActiveCfg = Debug|Any CPU
		{C56E7D1B-F39A-4EBB-A3AA-7F0155D5A14F}.Debug|iPhone.Build.0 = Debug|Any CPU
		{C56E7D1B-F39A-4EBB-A3AA-7F0155D5A14F}.Debug|iPhone.Deploy.0 = Debug|Any CPU
		{C56E7D1B-F39A-4EBB-A3AA-7F0155D5A14F}.Debug|iPhoneSimulator.ActiveCfg = Debug|Any CPU
		{C56E7D1B-F39A-4EBB-A3AA-7F0155D5A14F}.Debug|iPhoneSimulator.Build.0 = Debug|Any CPU
		{C56E7D1B-F39A-4EBB-A3AA-7F0155D5A14F}.Debug|iPhoneSimulator.Deploy.0 = Debug|Any CPU
		{C56E7D1B-F39A-4EBB-A3AA-7F0155D5A14F}.Debug|x64.ActiveCfg = Debug|Any CPU
		{C56E7D1B-F39A-4EBB-A3AA-7F0155D5A14F}.Debug|x64.Build.0 = Debug|Any CPU
		{C56E7D1B-F39A-4EBB-A3AA-7F0155D5A14F}.Debug|x64.Deploy.0 = Debug|Any CPU
		{C56E7D1B-F39A-4EBB-A3AA-7F0155D5A14F}.Debug|x86.ActiveCfg = Debug|Any CPU
		{C56E7D1B-F39A-4EBB-A3AA-7F0155D5A14F}.Debug|x86.Build.0 = Debug|Any CPU
		{C56E7D1B-F39A-4EBB-A3AA-7F0155D5A14F}.Debug|x86.Deploy.0 = Debug|Any CPU
		{C56E7D1B-F39A-4EBB-A3AA-7F0155D5A14F}.Release|Any CPU.ActiveCfg = Release|Any CPU
		{C56E7D1B-F39A-4EBB-A3AA-7F0155D5A14F}.Release|Any CPU.Build.0 = Release|Any CPU
		{C56E7D1B-F39A-4EBB-A3AA-7F0155D5A14F}.Release|Any CPU.Deploy.0 = Release|Any CPU
		{C56E7D1B-F39A-4EBB-A3AA-7F0155D5A14F}.Release|ARM.ActiveCfg = Release|Any CPU
		{C56E7D1B-F39A-4EBB-A3AA-7F0155D5A14F}.Release|ARM.Build.0 = Release|Any CPU
		{C56E7D1B-F39A-4EBB-A3AA-7F0155D5A14F}.Release|ARM.Deploy.0 = Release|Any CPU
		{C56E7D1B-F39A-4EBB-A3AA-7F0155D5A14F}.Release|iPhone.ActiveCfg = Release|Any CPU
		{C56E7D1B-F39A-4EBB-A3AA-7F0155D5A14F}.Release|iPhone.Build.0 = Release|Any CPU
		{C56E7D1B-F39A-4EBB-A3AA-7F0155D5A14F}.Release|iPhone.Deploy.0 = Release|Any CPU
		{C56E7D1B-F39A-4EBB-A3AA-7F0155D5A14F}.Release|iPhoneSimulator.ActiveCfg = Release|Any CPU
		{C56E7D1B-F39A-4EBB-A3AA-7F0155D5A14F}.Release|iPhoneSimulator.Build.0 = Release|Any CPU
		{C56E7D1B-F39A-4EBB-A3AA-7F0155D5A14F}.Release|iPhoneSimulator.Deploy.0 = Release|Any CPU
		{C56E7D1B-F39A-4EBB-A3AA-7F0155D5A14F}.Release|x64.ActiveCfg = Release|Any CPU
		{C56E7D1B-F39A-4EBB-A3AA-7F0155D5A14F}.Release|x64.Build.0 = Release|Any CPU
		{C56E7D1B-F39A-4EBB-A3AA-7F0155D5A14F}.Release|x64.Deploy.0 = Release|Any CPU
		{C56E7D1B-F39A-4EBB-A3AA-7F0155D5A14F}.Release|x86.ActiveCfg = Release|Any CPU
		{C56E7D1B-F39A-4EBB-A3AA-7F0155D5A14F}.Release|x86.Build.0 = Release|Any CPU
		{C56E7D1B-F39A-4EBB-A3AA-7F0155D5A14F}.Release|x86.Deploy.0 = Release|Any CPU
		{7390BE26-4895-4BCB-8597-717E7099C32A}.Ad-Hoc|Any CPU.ActiveCfg = Release|Any CPU
		{7390BE26-4895-4BCB-8597-717E7099C32A}.Ad-Hoc|Any CPU.Build.0 = Release|Any CPU
		{7390BE26-4895-4BCB-8597-717E7099C32A}.Ad-Hoc|ARM.ActiveCfg = Release|Any CPU
		{7390BE26-4895-4BCB-8597-717E7099C32A}.Ad-Hoc|ARM.Build.0 = Release|Any CPU
		{7390BE26-4895-4BCB-8597-717E7099C32A}.Ad-Hoc|iPhone.ActiveCfg = Release|Any CPU
		{7390BE26-4895-4BCB-8597-717E7099C32A}.Ad-Hoc|iPhone.Build.0 = Release|Any CPU
		{7390BE26-4895-4BCB-8597-717E7099C32A}.Ad-Hoc|iPhoneSimulator.ActiveCfg = Release|Any CPU
		{7390BE26-4895-4BCB-8597-717E7099C32A}.Ad-Hoc|iPhoneSimulator.Build.0 = Release|Any CPU
		{7390BE26-4895-4BCB-8597-717E7099C32A}.Ad-Hoc|x64.ActiveCfg = Release|Any CPU
		{7390BE26-4895-4BCB-8597-717E7099C32A}.Ad-Hoc|x64.Build.0 = Release|Any CPU
		{7390BE26-4895-4BCB-8597-717E7099C32A}.Ad-Hoc|x86.ActiveCfg = Release|Any CPU
		{7390BE26-4895-4BCB-8597-717E7099C32A}.Ad-Hoc|x86.Build.0 = Release|Any CPU
		{7390BE26-4895-4BCB-8597-717E7099C32A}.AppStore|Any CPU.ActiveCfg = Release|Any CPU
		{7390BE26-4895-4BCB-8597-717E7099C32A}.AppStore|Any CPU.Build.0 = Release|Any CPU
		{7390BE26-4895-4BCB-8597-717E7099C32A}.AppStore|ARM.ActiveCfg = Release|Any CPU
		{7390BE26-4895-4BCB-8597-717E7099C32A}.AppStore|ARM.Build.0 = Release|Any CPU
		{7390BE26-4895-4BCB-8597-717E7099C32A}.AppStore|iPhone.ActiveCfg = Release|Any CPU
		{7390BE26-4895-4BCB-8597-717E7099C32A}.AppStore|iPhone.Build.0 = Release|Any CPU
		{7390BE26-4895-4BCB-8597-717E7099C32A}.AppStore|iPhoneSimulator.ActiveCfg = Release|Any CPU
		{7390BE26-4895-4BCB-8597-717E7099C32A}.AppStore|iPhoneSimulator.Build.0 = Release|Any CPU
		{7390BE26-4895-4BCB-8597-717E7099C32A}.AppStore|x64.ActiveCfg = Release|Any CPU
		{7390BE26-4895-4BCB-8597-717E7099C32A}.AppStore|x64.Build.0 = Release|Any CPU
		{7390BE26-4895-4BCB-8597-717E7099C32A}.AppStore|x86.ActiveCfg = Release|Any CPU
		{7390BE26-4895-4BCB-8597-717E7099C32A}.AppStore|x86.Build.0 = Release|Any CPU
		{7390BE26-4895-4BCB-8597-717E7099C32A}.Debug|Any CPU.ActiveCfg = Debug|Any CPU
		{7390BE26-4895-4BCB-8597-717E7099C32A}.Debug|Any CPU.Build.0 = Debug|Any CPU
		{7390BE26-4895-4BCB-8597-717E7099C32A}.Debug|ARM.ActiveCfg = Debug|Any CPU
		{7390BE26-4895-4BCB-8597-717E7099C32A}.Debug|ARM.Build.0 = Debug|Any CPU
		{7390BE26-4895-4BCB-8597-717E7099C32A}.Debug|iPhone.ActiveCfg = Debug|Any CPU
		{7390BE26-4895-4BCB-8597-717E7099C32A}.Debug|iPhone.Build.0 = Debug|Any CPU
		{7390BE26-4895-4BCB-8597-717E7099C32A}.Debug|iPhoneSimulator.ActiveCfg = Debug|Any CPU
		{7390BE26-4895-4BCB-8597-717E7099C32A}.Debug|iPhoneSimulator.Build.0 = Debug|Any CPU
		{7390BE26-4895-4BCB-8597-717E7099C32A}.Debug|x64.ActiveCfg = Debug|Any CPU
		{7390BE26-4895-4BCB-8597-717E7099C32A}.Debug|x64.Build.0 = Debug|Any CPU
		{7390BE26-4895-4BCB-8597-717E7099C32A}.Debug|x86.ActiveCfg = Debug|Any CPU
		{7390BE26-4895-4BCB-8597-717E7099C32A}.Debug|x86.Build.0 = Debug|Any CPU
		{7390BE26-4895-4BCB-8597-717E7099C32A}.Release|Any CPU.ActiveCfg = Release|Any CPU
		{7390BE26-4895-4BCB-8597-717E7099C32A}.Release|Any CPU.Build.0 = Release|Any CPU
		{7390BE26-4895-4BCB-8597-717E7099C32A}.Release|ARM.ActiveCfg = Release|Any CPU
		{7390BE26-4895-4BCB-8597-717E7099C32A}.Release|ARM.Build.0 = Release|Any CPU
		{7390BE26-4895-4BCB-8597-717E7099C32A}.Release|iPhone.ActiveCfg = Release|Any CPU
		{7390BE26-4895-4BCB-8597-717E7099C32A}.Release|iPhone.Build.0 = Release|Any CPU
		{7390BE26-4895-4BCB-8597-717E7099C32A}.Release|iPhoneSimulator.ActiveCfg = Release|Any CPU
		{7390BE26-4895-4BCB-8597-717E7099C32A}.Release|iPhoneSimulator.Build.0 = Release|Any CPU
		{7390BE26-4895-4BCB-8597-717E7099C32A}.Release|x64.ActiveCfg = Release|Any CPU
		{7390BE26-4895-4BCB-8597-717E7099C32A}.Release|x64.Build.0 = Release|Any CPU
		{7390BE26-4895-4BCB-8597-717E7099C32A}.Release|x86.ActiveCfg = Release|Any CPU
		{7390BE26-4895-4BCB-8597-717E7099C32A}.Release|x86.Build.0 = Release|Any CPU
		{A9C6C3E3-BE00-491C-B3AE-FE6E06F7E3D7}.Ad-Hoc|Any CPU.ActiveCfg = Ad-Hoc|iPhone
		{A9C6C3E3-BE00-491C-B3AE-FE6E06F7E3D7}.Ad-Hoc|ARM.ActiveCfg = Ad-Hoc|iPhone
		{A9C6C3E3-BE00-491C-B3AE-FE6E06F7E3D7}.Ad-Hoc|iPhone.ActiveCfg = Ad-Hoc|iPhone
		{A9C6C3E3-BE00-491C-B3AE-FE6E06F7E3D7}.Ad-Hoc|iPhone.Build.0 = Ad-Hoc|iPhone
		{A9C6C3E3-BE00-491C-B3AE-FE6E06F7E3D7}.Ad-Hoc|iPhoneSimulator.ActiveCfg = Ad-Hoc|iPhoneSimulator
		{A9C6C3E3-BE00-491C-B3AE-FE6E06F7E3D7}.Ad-Hoc|iPhoneSimulator.Build.0 = Ad-Hoc|iPhoneSimulator
		{A9C6C3E3-BE00-491C-B3AE-FE6E06F7E3D7}.Ad-Hoc|x64.ActiveCfg = Ad-Hoc|iPhone
		{A9C6C3E3-BE00-491C-B3AE-FE6E06F7E3D7}.Ad-Hoc|x86.ActiveCfg = Ad-Hoc|iPhone
		{A9C6C3E3-BE00-491C-B3AE-FE6E06F7E3D7}.AppStore|Any CPU.ActiveCfg = AppStore|iPhone
		{A9C6C3E3-BE00-491C-B3AE-FE6E06F7E3D7}.AppStore|ARM.ActiveCfg = AppStore|iPhone
		{A9C6C3E3-BE00-491C-B3AE-FE6E06F7E3D7}.AppStore|iPhone.ActiveCfg = AppStore|iPhone
		{A9C6C3E3-BE00-491C-B3AE-FE6E06F7E3D7}.AppStore|iPhone.Build.0 = AppStore|iPhone
		{A9C6C3E3-BE00-491C-B3AE-FE6E06F7E3D7}.AppStore|iPhoneSimulator.ActiveCfg = AppStore|iPhoneSimulator
		{A9C6C3E3-BE00-491C-B3AE-FE6E06F7E3D7}.AppStore|iPhoneSimulator.Build.0 = AppStore|iPhoneSimulator
		{A9C6C3E3-BE00-491C-B3AE-FE6E06F7E3D7}.AppStore|x64.ActiveCfg = AppStore|iPhone
		{A9C6C3E3-BE00-491C-B3AE-FE6E06F7E3D7}.AppStore|x86.ActiveCfg = AppStore|iPhone
		{A9C6C3E3-BE00-491C-B3AE-FE6E06F7E3D7}.Debug|Any CPU.ActiveCfg = Debug|iPhone
		{A9C6C3E3-BE00-491C-B3AE-FE6E06F7E3D7}.Debug|ARM.ActiveCfg = Debug|iPhone
		{A9C6C3E3-BE00-491C-B3AE-FE6E06F7E3D7}.Debug|iPhone.ActiveCfg = Debug|iPhone
		{A9C6C3E3-BE00-491C-B3AE-FE6E06F7E3D7}.Debug|iPhone.Build.0 = Debug|iPhone
		{A9C6C3E3-BE00-491C-B3AE-FE6E06F7E3D7}.Debug|iPhoneSimulator.ActiveCfg = Debug|iPhoneSimulator
		{A9C6C3E3-BE00-491C-B3AE-FE6E06F7E3D7}.Debug|iPhoneSimulator.Build.0 = Debug|iPhoneSimulator
		{A9C6C3E3-BE00-491C-B3AE-FE6E06F7E3D7}.Debug|x64.ActiveCfg = Debug|iPhone
		{A9C6C3E3-BE00-491C-B3AE-FE6E06F7E3D7}.Debug|x86.ActiveCfg = Debug|iPhone
		{A9C6C3E3-BE00-491C-B3AE-FE6E06F7E3D7}.Release|Any CPU.ActiveCfg = Release|iPhone
		{A9C6C3E3-BE00-491C-B3AE-FE6E06F7E3D7}.Release|ARM.ActiveCfg = Release|iPhone
		{A9C6C3E3-BE00-491C-B3AE-FE6E06F7E3D7}.Release|iPhone.ActiveCfg = Release|iPhone
		{A9C6C3E3-BE00-491C-B3AE-FE6E06F7E3D7}.Release|iPhone.Build.0 = Release|iPhone
		{A9C6C3E3-BE00-491C-B3AE-FE6E06F7E3D7}.Release|iPhoneSimulator.ActiveCfg = Release|iPhoneSimulator
		{A9C6C3E3-BE00-491C-B3AE-FE6E06F7E3D7}.Release|iPhoneSimulator.Build.0 = Release|iPhoneSimulator
		{A9C6C3E3-BE00-491C-B3AE-FE6E06F7E3D7}.Release|x64.ActiveCfg = Release|iPhone
		{A9C6C3E3-BE00-491C-B3AE-FE6E06F7E3D7}.Release|x86.ActiveCfg = Release|iPhone
		{C48EBFDA-18A9-4CF7-89E8-73F5DC2AAF7A}.Ad-Hoc|Any CPU.ActiveCfg = Release|x64
		{C48EBFDA-18A9-4CF7-89E8-73F5DC2AAF7A}.Ad-Hoc|Any CPU.Build.0 = Release|x64
		{C48EBFDA-18A9-4CF7-89E8-73F5DC2AAF7A}.Ad-Hoc|Any CPU.Deploy.0 = Release|x64
		{C48EBFDA-18A9-4CF7-89E8-73F5DC2AAF7A}.Ad-Hoc|ARM.ActiveCfg = Release|ARM
		{C48EBFDA-18A9-4CF7-89E8-73F5DC2AAF7A}.Ad-Hoc|ARM.Build.0 = Release|ARM
		{C48EBFDA-18A9-4CF7-89E8-73F5DC2AAF7A}.Ad-Hoc|ARM.Deploy.0 = Release|ARM
		{C48EBFDA-18A9-4CF7-89E8-73F5DC2AAF7A}.Ad-Hoc|iPhone.ActiveCfg = Release|x64
		{C48EBFDA-18A9-4CF7-89E8-73F5DC2AAF7A}.Ad-Hoc|iPhone.Build.0 = Release|x64
		{C48EBFDA-18A9-4CF7-89E8-73F5DC2AAF7A}.Ad-Hoc|iPhone.Deploy.0 = Release|x64
		{C48EBFDA-18A9-4CF7-89E8-73F5DC2AAF7A}.Ad-Hoc|iPhoneSimulator.ActiveCfg = Release|x64
		{C48EBFDA-18A9-4CF7-89E8-73F5DC2AAF7A}.Ad-Hoc|iPhoneSimulator.Build.0 = Release|x64
		{C48EBFDA-18A9-4CF7-89E8-73F5DC2AAF7A}.Ad-Hoc|iPhoneSimulator.Deploy.0 = Release|x64
		{C48EBFDA-18A9-4CF7-89E8-73F5DC2AAF7A}.Ad-Hoc|x64.ActiveCfg = Release|x64
		{C48EBFDA-18A9-4CF7-89E8-73F5DC2AAF7A}.Ad-Hoc|x64.Build.0 = Release|x64
		{C48EBFDA-18A9-4CF7-89E8-73F5DC2AAF7A}.Ad-Hoc|x64.Deploy.0 = Release|x64
		{C48EBFDA-18A9-4CF7-89E8-73F5DC2AAF7A}.Ad-Hoc|x86.ActiveCfg = Release|x86
		{C48EBFDA-18A9-4CF7-89E8-73F5DC2AAF7A}.Ad-Hoc|x86.Build.0 = Release|x86
		{C48EBFDA-18A9-4CF7-89E8-73F5DC2AAF7A}.Ad-Hoc|x86.Deploy.0 = Release|x86
		{C48EBFDA-18A9-4CF7-89E8-73F5DC2AAF7A}.AppStore|Any CPU.ActiveCfg = Release|x64
		{C48EBFDA-18A9-4CF7-89E8-73F5DC2AAF7A}.AppStore|Any CPU.Build.0 = Release|x64
		{C48EBFDA-18A9-4CF7-89E8-73F5DC2AAF7A}.AppStore|Any CPU.Deploy.0 = Release|x64
		{C48EBFDA-18A9-4CF7-89E8-73F5DC2AAF7A}.AppStore|ARM.ActiveCfg = Release|ARM
		{C48EBFDA-18A9-4CF7-89E8-73F5DC2AAF7A}.AppStore|ARM.Build.0 = Release|ARM
		{C48EBFDA-18A9-4CF7-89E8-73F5DC2AAF7A}.AppStore|ARM.Deploy.0 = Release|ARM
		{C48EBFDA-18A9-4CF7-89E8-73F5DC2AAF7A}.AppStore|iPhone.ActiveCfg = Release|x64
		{C48EBFDA-18A9-4CF7-89E8-73F5DC2AAF7A}.AppStore|iPhone.Build.0 = Release|x64
		{C48EBFDA-18A9-4CF7-89E8-73F5DC2AAF7A}.AppStore|iPhone.Deploy.0 = Release|x64
		{C48EBFDA-18A9-4CF7-89E8-73F5DC2AAF7A}.AppStore|iPhoneSimulator.ActiveCfg = Release|x64
		{C48EBFDA-18A9-4CF7-89E8-73F5DC2AAF7A}.AppStore|iPhoneSimulator.Build.0 = Release|x64
		{C48EBFDA-18A9-4CF7-89E8-73F5DC2AAF7A}.AppStore|iPhoneSimulator.Deploy.0 = Release|x64
		{C48EBFDA-18A9-4CF7-89E8-73F5DC2AAF7A}.AppStore|x64.ActiveCfg = Release|x64
		{C48EBFDA-18A9-4CF7-89E8-73F5DC2AAF7A}.AppStore|x64.Build.0 = Release|x64
		{C48EBFDA-18A9-4CF7-89E8-73F5DC2AAF7A}.AppStore|x64.Deploy.0 = Release|x64
		{C48EBFDA-18A9-4CF7-89E8-73F5DC2AAF7A}.AppStore|x86.ActiveCfg = Release|x86
		{C48EBFDA-18A9-4CF7-89E8-73F5DC2AAF7A}.AppStore|x86.Build.0 = Release|x86
		{C48EBFDA-18A9-4CF7-89E8-73F5DC2AAF7A}.AppStore|x86.Deploy.0 = Release|x86
		{C48EBFDA-18A9-4CF7-89E8-73F5DC2AAF7A}.Debug|Any CPU.ActiveCfg = Debug|x86
		{C48EBFDA-18A9-4CF7-89E8-73F5DC2AAF7A}.Debug|ARM.ActiveCfg = Debug|ARM
		{C48EBFDA-18A9-4CF7-89E8-73F5DC2AAF7A}.Debug|ARM.Build.0 = Debug|ARM
		{C48EBFDA-18A9-4CF7-89E8-73F5DC2AAF7A}.Debug|ARM.Deploy.0 = Debug|ARM
		{C48EBFDA-18A9-4CF7-89E8-73F5DC2AAF7A}.Debug|iPhone.ActiveCfg = Debug|x86
		{C48EBFDA-18A9-4CF7-89E8-73F5DC2AAF7A}.Debug|iPhoneSimulator.ActiveCfg = Debug|x86
		{C48EBFDA-18A9-4CF7-89E8-73F5DC2AAF7A}.Debug|x64.ActiveCfg = Debug|x64
		{C48EBFDA-18A9-4CF7-89E8-73F5DC2AAF7A}.Debug|x64.Build.0 = Debug|x64
		{C48EBFDA-18A9-4CF7-89E8-73F5DC2AAF7A}.Debug|x64.Deploy.0 = Debug|x64
		{C48EBFDA-18A9-4CF7-89E8-73F5DC2AAF7A}.Debug|x86.ActiveCfg = Debug|x86
		{C48EBFDA-18A9-4CF7-89E8-73F5DC2AAF7A}.Debug|x86.Build.0 = Debug|x86
		{C48EBFDA-18A9-4CF7-89E8-73F5DC2AAF7A}.Debug|x86.Deploy.0 = Debug|x86
		{C48EBFDA-18A9-4CF7-89E8-73F5DC2AAF7A}.Release|Any CPU.ActiveCfg = Release|x86
		{C48EBFDA-18A9-4CF7-89E8-73F5DC2AAF7A}.Release|ARM.ActiveCfg = Release|ARM
		{C48EBFDA-18A9-4CF7-89E8-73F5DC2AAF7A}.Release|ARM.Build.0 = Release|ARM
		{C48EBFDA-18A9-4CF7-89E8-73F5DC2AAF7A}.Release|ARM.Deploy.0 = Release|ARM
		{C48EBFDA-18A9-4CF7-89E8-73F5DC2AAF7A}.Release|iPhone.ActiveCfg = Release|x86
		{C48EBFDA-18A9-4CF7-89E8-73F5DC2AAF7A}.Release|iPhoneSimulator.ActiveCfg = Release|x86
		{C48EBFDA-18A9-4CF7-89E8-73F5DC2AAF7A}.Release|x64.ActiveCfg = Release|x64
		{C48EBFDA-18A9-4CF7-89E8-73F5DC2AAF7A}.Release|x64.Build.0 = Release|x64
		{C48EBFDA-18A9-4CF7-89E8-73F5DC2AAF7A}.Release|x64.Deploy.0 = Release|x64
		{C48EBFDA-18A9-4CF7-89E8-73F5DC2AAF7A}.Release|x86.ActiveCfg = Release|x86
		{C48EBFDA-18A9-4CF7-89E8-73F5DC2AAF7A}.Release|x86.Build.0 = Release|x86
		{C48EBFDA-18A9-4CF7-89E8-73F5DC2AAF7A}.Release|x86.Deploy.0 = Release|x86
		{D218CF19-5B70-48FC-845F-1A62D307BDD6}.Ad-Hoc|Any CPU.ActiveCfg = Release|Any CPU
		{D218CF19-5B70-48FC-845F-1A62D307BDD6}.Ad-Hoc|Any CPU.Build.0 = Release|Any CPU
		{D218CF19-5B70-48FC-845F-1A62D307BDD6}.Ad-Hoc|ARM.ActiveCfg = Release|Any CPU
		{D218CF19-5B70-48FC-845F-1A62D307BDD6}.Ad-Hoc|ARM.Build.0 = Release|Any CPU
		{D218CF19-5B70-48FC-845F-1A62D307BDD6}.Ad-Hoc|iPhone.ActiveCfg = Release|Any CPU
		{D218CF19-5B70-48FC-845F-1A62D307BDD6}.Ad-Hoc|iPhone.Build.0 = Release|Any CPU
		{D218CF19-5B70-48FC-845F-1A62D307BDD6}.Ad-Hoc|iPhoneSimulator.ActiveCfg = Release|Any CPU
		{D218CF19-5B70-48FC-845F-1A62D307BDD6}.Ad-Hoc|iPhoneSimulator.Build.0 = Release|Any CPU
		{D218CF19-5B70-48FC-845F-1A62D307BDD6}.Ad-Hoc|x64.ActiveCfg = Release|Any CPU
		{D218CF19-5B70-48FC-845F-1A62D307BDD6}.Ad-Hoc|x64.Build.0 = Release|Any CPU
		{D218CF19-5B70-48FC-845F-1A62D307BDD6}.Ad-Hoc|x86.ActiveCfg = Release|Any CPU
		{D218CF19-5B70-48FC-845F-1A62D307BDD6}.Ad-Hoc|x86.Build.0 = Release|Any CPU
		{D218CF19-5B70-48FC-845F-1A62D307BDD6}.AppStore|Any CPU.ActiveCfg = Release|Any CPU
		{D218CF19-5B70-48FC-845F-1A62D307BDD6}.AppStore|Any CPU.Build.0 = Release|Any CPU
		{D218CF19-5B70-48FC-845F-1A62D307BDD6}.AppStore|ARM.ActiveCfg = Release|Any CPU
		{D218CF19-5B70-48FC-845F-1A62D307BDD6}.AppStore|ARM.Build.0 = Release|Any CPU
		{D218CF19-5B70-48FC-845F-1A62D307BDD6}.AppStore|iPhone.ActiveCfg = Release|Any CPU
		{D218CF19-5B70-48FC-845F-1A62D307BDD6}.AppStore|iPhone.Build.0 = Release|Any CPU
		{D218CF19-5B70-48FC-845F-1A62D307BDD6}.AppStore|iPhoneSimulator.ActiveCfg = Release|Any CPU
		{D218CF19-5B70-48FC-845F-1A62D307BDD6}.AppStore|iPhoneSimulator.Build.0 = Release|Any CPU
		{D218CF19-5B70-48FC-845F-1A62D307BDD6}.AppStore|x64.ActiveCfg = Release|Any CPU
		{D218CF19-5B70-48FC-845F-1A62D307BDD6}.AppStore|x64.Build.0 = Release|Any CPU
		{D218CF19-5B70-48FC-845F-1A62D307BDD6}.AppStore|x86.ActiveCfg = Release|Any CPU
		{D218CF19-5B70-48FC-845F-1A62D307BDD6}.AppStore|x86.Build.0 = Release|Any CPU
		{D218CF19-5B70-48FC-845F-1A62D307BDD6}.Debug|Any CPU.ActiveCfg = Debug|Any CPU
		{D218CF19-5B70-48FC-845F-1A62D307BDD6}.Debug|Any CPU.Build.0 = Debug|Any CPU
		{D218CF19-5B70-48FC-845F-1A62D307BDD6}.Debug|ARM.ActiveCfg = Debug|Any CPU
		{D218CF19-5B70-48FC-845F-1A62D307BDD6}.Debug|ARM.Build.0 = Debug|Any CPU
		{D218CF19-5B70-48FC-845F-1A62D307BDD6}.Debug|iPhone.ActiveCfg = Debug|Any CPU
		{D218CF19-5B70-48FC-845F-1A62D307BDD6}.Debug|iPhone.Build.0 = Debug|Any CPU
		{D218CF19-5B70-48FC-845F-1A62D307BDD6}.Debug|iPhoneSimulator.ActiveCfg = Debug|Any CPU
		{D218CF19-5B70-48FC-845F-1A62D307BDD6}.Debug|iPhoneSimulator.Build.0 = Debug|Any CPU
		{D218CF19-5B70-48FC-845F-1A62D307BDD6}.Debug|x64.ActiveCfg = Debug|Any CPU
		{D218CF19-5B70-48FC-845F-1A62D307BDD6}.Debug|x64.Build.0 = Debug|Any CPU
		{D218CF19-5B70-48FC-845F-1A62D307BDD6}.Debug|x86.ActiveCfg = Debug|Any CPU
		{D218CF19-5B70-48FC-845F-1A62D307BDD6}.Debug|x86.Build.0 = Debug|Any CPU
		{D218CF19-5B70-48FC-845F-1A62D307BDD6}.Release|Any CPU.ActiveCfg = Release|Any CPU
		{D218CF19-5B70-48FC-845F-1A62D307BDD6}.Release|Any CPU.Build.0 = Release|Any CPU
		{D218CF19-5B70-48FC-845F-1A62D307BDD6}.Release|ARM.ActiveCfg = Release|Any CPU
		{D218CF19-5B70-48FC-845F-1A62D307BDD6}.Release|ARM.Build.0 = Release|Any CPU
		{D218CF19-5B70-48FC-845F-1A62D307BDD6}.Release|iPhone.ActiveCfg = Release|Any CPU
		{D218CF19-5B70-48FC-845F-1A62D307BDD6}.Release|iPhone.Build.0 = Release|Any CPU
		{D218CF19-5B70-48FC-845F-1A62D307BDD6}.Release|iPhoneSimulator.ActiveCfg = Release|Any CPU
		{D218CF19-5B70-48FC-845F-1A62D307BDD6}.Release|iPhoneSimulator.Build.0 = Release|Any CPU
		{D218CF19-5B70-48FC-845F-1A62D307BDD6}.Release|x64.ActiveCfg = Release|Any CPU
		{D218CF19-5B70-48FC-845F-1A62D307BDD6}.Release|x64.Build.0 = Release|Any CPU
		{D218CF19-5B70-48FC-845F-1A62D307BDD6}.Release|x86.ActiveCfg = Release|Any CPU
		{D218CF19-5B70-48FC-845F-1A62D307BDD6}.Release|x86.Build.0 = Release|Any CPU
		{6F5F4E73-4DB4-4031-8C9B-5A6DA2BFF5FA}.Ad-Hoc|Any CPU.ActiveCfg = Release|Any CPU
		{6F5F4E73-4DB4-4031-8C9B-5A6DA2BFF5FA}.Ad-Hoc|Any CPU.Build.0 = Release|Any CPU
		{6F5F4E73-4DB4-4031-8C9B-5A6DA2BFF5FA}.Ad-Hoc|ARM.ActiveCfg = Release|Any CPU
		{6F5F4E73-4DB4-4031-8C9B-5A6DA2BFF5FA}.Ad-Hoc|ARM.Build.0 = Release|Any CPU
		{6F5F4E73-4DB4-4031-8C9B-5A6DA2BFF5FA}.Ad-Hoc|iPhone.ActiveCfg = Release|Any CPU
		{6F5F4E73-4DB4-4031-8C9B-5A6DA2BFF5FA}.Ad-Hoc|iPhone.Build.0 = Release|Any CPU
		{6F5F4E73-4DB4-4031-8C9B-5A6DA2BFF5FA}.Ad-Hoc|iPhoneSimulator.ActiveCfg = Release|Any CPU
		{6F5F4E73-4DB4-4031-8C9B-5A6DA2BFF5FA}.Ad-Hoc|iPhoneSimulator.Build.0 = Release|Any CPU
		{6F5F4E73-4DB4-4031-8C9B-5A6DA2BFF5FA}.Ad-Hoc|x64.ActiveCfg = Release|Any CPU
		{6F5F4E73-4DB4-4031-8C9B-5A6DA2BFF5FA}.Ad-Hoc|x64.Build.0 = Release|Any CPU
		{6F5F4E73-4DB4-4031-8C9B-5A6DA2BFF5FA}.Ad-Hoc|x86.ActiveCfg = Release|Any CPU
		{6F5F4E73-4DB4-4031-8C9B-5A6DA2BFF5FA}.Ad-Hoc|x86.Build.0 = Release|Any CPU
		{6F5F4E73-4DB4-4031-8C9B-5A6DA2BFF5FA}.AppStore|Any CPU.ActiveCfg = Release|Any CPU
		{6F5F4E73-4DB4-4031-8C9B-5A6DA2BFF5FA}.AppStore|Any CPU.Build.0 = Release|Any CPU
		{6F5F4E73-4DB4-4031-8C9B-5A6DA2BFF5FA}.AppStore|ARM.ActiveCfg = Release|Any CPU
		{6F5F4E73-4DB4-4031-8C9B-5A6DA2BFF5FA}.AppStore|ARM.Build.0 = Release|Any CPU
		{6F5F4E73-4DB4-4031-8C9B-5A6DA2BFF5FA}.AppStore|iPhone.ActiveCfg = Release|Any CPU
		{6F5F4E73-4DB4-4031-8C9B-5A6DA2BFF5FA}.AppStore|iPhone.Build.0 = Release|Any CPU
		{6F5F4E73-4DB4-4031-8C9B-5A6DA2BFF5FA}.AppStore|iPhoneSimulator.ActiveCfg = Release|Any CPU
		{6F5F4E73-4DB4-4031-8C9B-5A6DA2BFF5FA}.AppStore|iPhoneSimulator.Build.0 = Release|Any CPU
		{6F5F4E73-4DB4-4031-8C9B-5A6DA2BFF5FA}.AppStore|x64.ActiveCfg = Release|Any CPU
		{6F5F4E73-4DB4-4031-8C9B-5A6DA2BFF5FA}.AppStore|x64.Build.0 = Release|Any CPU
		{6F5F4E73-4DB4-4031-8C9B-5A6DA2BFF5FA}.AppStore|x86.ActiveCfg = Release|Any CPU
		{6F5F4E73-4DB4-4031-8C9B-5A6DA2BFF5FA}.AppStore|x86.Build.0 = Release|Any CPU
		{6F5F4E73-4DB4-4031-8C9B-5A6DA2BFF5FA}.Debug|Any CPU.ActiveCfg = Debug|Any CPU
		{6F5F4E73-4DB4-4031-8C9B-5A6DA2BFF5FA}.Debug|Any CPU.Build.0 = Debug|Any CPU
		{6F5F4E73-4DB4-4031-8C9B-5A6DA2BFF5FA}.Debug|ARM.ActiveCfg = Debug|Any CPU
		{6F5F4E73-4DB4-4031-8C9B-5A6DA2BFF5FA}.Debug|ARM.Build.0 = Debug|Any CPU
		{6F5F4E73-4DB4-4031-8C9B-5A6DA2BFF5FA}.Debug|iPhone.ActiveCfg = Debug|Any CPU
		{6F5F4E73-4DB4-4031-8C9B-5A6DA2BFF5FA}.Debug|iPhone.Build.0 = Debug|Any CPU
		{6F5F4E73-4DB4-4031-8C9B-5A6DA2BFF5FA}.Debug|iPhoneSimulator.ActiveCfg = Debug|Any CPU
		{6F5F4E73-4DB4-4031-8C9B-5A6DA2BFF5FA}.Debug|iPhoneSimulator.Build.0 = Debug|Any CPU
		{6F5F4E73-4DB4-4031-8C9B-5A6DA2BFF5FA}.Debug|x64.ActiveCfg = Debug|Any CPU
		{6F5F4E73-4DB4-4031-8C9B-5A6DA2BFF5FA}.Debug|x64.Build.0 = Debug|Any CPU
		{6F5F4E73-4DB4-4031-8C9B-5A6DA2BFF5FA}.Debug|x86.ActiveCfg = Debug|Any CPU
		{6F5F4E73-4DB4-4031-8C9B-5A6DA2BFF5FA}.Debug|x86.Build.0 = Debug|Any CPU
		{6F5F4E73-4DB4-4031-8C9B-5A6DA2BFF5FA}.Release|Any CPU.ActiveCfg = Release|Any CPU
		{6F5F4E73-4DB4-4031-8C9B-5A6DA2BFF5FA}.Release|Any CPU.Build.0 = Release|Any CPU
		{6F5F4E73-4DB4-4031-8C9B-5A6DA2BFF5FA}.Release|ARM.ActiveCfg = Release|Any CPU
		{6F5F4E73-4DB4-4031-8C9B-5A6DA2BFF5FA}.Release|ARM.Build.0 = Release|Any CPU
		{6F5F4E73-4DB4-4031-8C9B-5A6DA2BFF5FA}.Release|iPhone.ActiveCfg = Release|Any CPU
		{6F5F4E73-4DB4-4031-8C9B-5A6DA2BFF5FA}.Release|iPhone.Build.0 = Release|Any CPU
		{6F5F4E73-4DB4-4031-8C9B-5A6DA2BFF5FA}.Release|iPhoneSimulator.ActiveCfg = Release|Any CPU
		{6F5F4E73-4DB4-4031-8C9B-5A6DA2BFF5FA}.Release|iPhoneSimulator.Build.0 = Release|Any CPU
		{6F5F4E73-4DB4-4031-8C9B-5A6DA2BFF5FA}.Release|x64.ActiveCfg = Release|Any CPU
		{6F5F4E73-4DB4-4031-8C9B-5A6DA2BFF5FA}.Release|x64.Build.0 = Release|Any CPU
		{6F5F4E73-4DB4-4031-8C9B-5A6DA2BFF5FA}.Release|x86.ActiveCfg = Release|Any CPU
		{6F5F4E73-4DB4-4031-8C9B-5A6DA2BFF5FA}.Release|x86.Build.0 = Release|Any CPU
	EndGlobalSection
	GlobalSection(SolutionProperties) = preSolution
		HideSolutionNode = FALSE
	EndGlobalSection
	GlobalSection(ExtensibilityGlobals) = postSolution
		SolutionGuid = {F5399188-2304-4703-A27B-E19C3C4F7F2B}
	EndGlobalSection
EndGlobal
